// !$*UTF8*$!
{
	archiveVersion = 1;
	classes = {
	};
	objectVersion = 50;
	objects = {

/* Begin PBXBuildFile section */
		49EB9D2720AAAD42002EABD6 /* AppDelegate.m in Sources */ = {isa = PBXBuildFile; fileRef = 49EB9D2620AAAD42002EABD6 /* AppDelegate.m */; };
		49EB9D2A20AAAD43002EABD6 /* ViewController.m in Sources */ = {isa = PBXBuildFile; fileRef = 49EB9D2920AAAD43002EABD6 /* ViewController.m */; };
		49EB9D2D20AAAD43002EABD6 /* Main.storyboard in Resources */ = {isa = PBXBuildFile; fileRef = 49EB9D2B20AAAD43002EABD6 /* Main.storyboard */; };
		49EB9D2F20AAAD44002EABD6 /* Assets.xcassets in Resources */ = {isa = PBXBuildFile; fileRef = 49EB9D2E20AAAD44002EABD6 /* Assets.xcassets */; };
		49EB9D3220AAAD44002EABD6 /* LaunchScreen.storyboard in Resources */ = {isa = PBXBuildFile; fileRef = 49EB9D3020AAAD44002EABD6 /* LaunchScreen.storyboard */; };
		49EB9D3520AAAD44002EABD6 /* main.m in Sources */ = {isa = PBXBuildFile; fileRef = 49EB9D3420AAAD44002EABD6 /* main.m */; };
		49EB9D3F20AAAD44002EABD6 /* testPodTests.m in Sources */ = {isa = PBXBuildFile; fileRef = 49EB9D3E20AAAD44002EABD6 /* testPodTests.m */; };
		49EB9D4A20AAAD44002EABD6 /* testPodUITests.m in Sources */ = {isa = PBXBuildFile; fileRef = 49EB9D4920AAAD44002EABD6 /* testPodUITests.m */; };
		49EB9D5920AAB787002EABD6 /* CustomViewController.m in Sources */ = {isa = PBXBuildFile; fileRef = 49EB9D5820AAB787002EABD6 /* CustomViewController.m */; };
/* End PBXBuildFile section */

/* Begin PBXContainerItemProxy section */
		49EB9D3B20AAAD44002EABD6 /* PBXContainerItemProxy */ = {
			isa = PBXContainerItemProxy;
			containerPortal = 49EB9D1A20AAAD42002EABD6 /* Project object */;
			proxyType = 1;
			remoteGlobalIDString = 49EB9D2120AAAD42002EABD6;
			remoteInfo = testPod;
		};
		49EB9D4620AAAD44002EABD6 /* PBXContainerItemProxy */ = {
			isa = PBXContainerItemProxy;
			containerPortal = 49EB9D1A20AAAD42002EABD6 /* Project object */;
			proxyType = 1;
			remoteGlobalIDString = 49EB9D2120AAAD42002EABD6;
			remoteInfo = testPod;
		};
/* End PBXContainerItemProxy section */

/* Begin PBXFileReference section */
		49EB9D2220AAAD42002EABD6 /* testPod.app */ = {isa = PBXFileReference; explicitFileType = wrapper.application; includeInIndex = 0; path = testPod.app; sourceTree = BUILT_PRODUCTS_DIR; };
		49EB9D2520AAAD42002EABD6 /* AppDelegate.h */ = {isa = PBXFileReference; lastKnownFileType = sourcecode.c.h; path = AppDelegate.h; sourceTree = "<group>"; };
		49EB9D2620AAAD42002EABD6 /* AppDelegate.m */ = {isa = PBXFileReference; lastKnownFileType = sourcecode.c.objc; path = AppDelegate.m; sourceTree = "<group>"; };
		49EB9D2820AAAD43002EABD6 /* ViewController.h */ = {isa = PBXFileReference; lastKnownFileType = sourcecode.c.h; path = ViewController.h; sourceTree = "<group>"; };
		49EB9D2920AAAD43002EABD6 /* ViewController.m */ = {isa = PBXFileReference; lastKnownFileType = sourcecode.c.objc; path = ViewController.m; sourceTree = "<group>"; };
		49EB9D2C20AAAD43002EABD6 /* Base */ = {isa = PBXFileReference; lastKnownFileType = file.storyboard; name = Base; path = Base.lproj/Main.storyboard; sourceTree = "<group>"; };
		49EB9D2E20AAAD44002EABD6 /* Assets.xcassets */ = {isa = PBXFileReference; lastKnownFileType = folder.assetcatalog; path = Assets.xcassets; sourceTree = "<group>"; };
		49EB9D3120AAAD44002EABD6 /* Base */ = {isa = PBXFileReference; lastKnownFileType = file.storyboard; name = Base; path = Base.lproj/LaunchScreen.storyboard; sourceTree = "<group>"; };
		49EB9D3320AAAD44002EABD6 /* Info.plist */ = {isa = PBXFileReference; lastKnownFileType = text.plist.xml; path = Info.plist; sourceTree = "<group>"; };
		49EB9D3420AAAD44002EABD6 /* main.m */ = {isa = PBXFileReference; lastKnownFileType = sourcecode.c.objc; path = main.m; sourceTree = "<group>"; };
		49EB9D3A20AAAD44002EABD6 /* testPodTests.xctest */ = {isa = PBXFileReference; explicitFileType = wrapper.cfbundle; includeInIndex = 0; path = testPodTests.xctest; sourceTree = BUILT_PRODUCTS_DIR; };
		49EB9D3E20AAAD44002EABD6 /* testPodTests.m */ = {isa = PBXFileReference; lastKnownFileType = sourcecode.c.objc; path = testPodTests.m; sourceTree = "<group>"; };
		49EB9D4020AAAD44002EABD6 /* Info.plist */ = {isa = PBXFileReference; lastKnownFileType = text.plist.xml; path = Info.plist; sourceTree = "<group>"; };
		49EB9D4520AAAD44002EABD6 /* testPodUITests.xctest */ = {isa = PBXFileReference; explicitFileType = wrapper.cfbundle; includeInIndex = 0; path = testPodUITests.xctest; sourceTree = BUILT_PRODUCTS_DIR; };
		49EB9D4920AAAD44002EABD6 /* testPodUITests.m */ = {isa = PBXFileReference; lastKnownFileType = sourcecode.c.objc; path = testPodUITests.m; sourceTree = "<group>"; };
		49EB9D4B20AAAD44002EABD6 /* Info.plist */ = {isa = PBXFileReference; lastKnownFileType = text.plist.xml; path = Info.plist; sourceTree = "<group>"; };
		49EB9D5720AAB787002EABD6 /* CustomViewController.h */ = {isa = PBXFileReference; lastKnownFileType = sourcecode.c.h; path = CustomViewController.h; sourceTree = "<group>"; };
		49EB9D5820AAB787002EABD6 /* CustomViewController.m */ = {isa = PBXFileReference; lastKnownFileType = sourcecode.c.objc; path = CustomViewController.m; sourceTree = "<group>"; };
/* End PBXFileReference section */

/* Begin PBXFrameworksBuildPhase section */
		49EB9D1F20AAAD42002EABD6 /* Frameworks */ = {
			isa = PBXFrameworksBuildPhase;
			buildActionMask = 2147483647;
			files = (
			);
			runOnlyForDeploymentPostprocessing = 0;
		};
		49EB9D3720AAAD44002EABD6 /* Frameworks */ = {
			isa = PBXFrameworksBuildPhase;
			buildActionMask = 2147483647;
			files = (
			);
			runOnlyForDeploymentPostprocessing = 0;
		};
		49EB9D4220AAAD44002EABD6 /* Frameworks */ = {
			isa = PBXFrameworksBuildPhase;
			buildActionMask = 2147483647;
			files = (
			);
			runOnlyForDeploymentPostprocessing = 0;
		};
/* End PBXFrameworksBuildPhase section */

/* Begin PBXGroup section */
		49EB9D1920AAAD42002EABD6 = {
			isa = PBXGroup;
			children = (
				49EB9D2420AAAD42002EABD6 /* testPod */,
				49EB9D3D20AAAD44002EABD6 /* testPodTests */,
				49EB9D4820AAAD44002EABD6 /* testPodUITests */,
				49EB9D2320AAAD42002EABD6 /* Products */,
			);
			sourceTree = "<group>";
		};
		49EB9D2320AAAD42002EABD6 /* Products */ = {
			isa = PBXGroup;
			children = (
				49EB9D2220AAAD42002EABD6 /* testPod.app */,
				49EB9D3A20AAAD44002EABD6 /* testPodTests.xctest */,
				49EB9D4520AAAD44002EABD6 /* testPodUITests.xctest */,
			);
			name = Products;
			sourceTree = "<group>";
		};
		49EB9D2420AAAD42002EABD6 /* testPod */ = {
			isa = PBXGroup;
			children = (
				49EB9D2520AAAD42002EABD6 /* AppDelegate.h */,
				49EB9D2620AAAD42002EABD6 /* AppDelegate.m */,
				49EB9D2820AAAD43002EABD6 /* ViewController.h */,
				49EB9D2920AAAD43002EABD6 /* ViewController.m */,
				49EB9D2B20AAAD43002EABD6 /* Main.storyboard */,
				49EB9D2E20AAAD44002EABD6 /* Assets.xcassets */,
				49EB9D3020AAAD44002EABD6 /* LaunchScreen.storyboard */,
				49EB9D3320AAAD44002EABD6 /* Info.plist */,
				49EB9D3420AAAD44002EABD6 /* main.m */,
				49EB9D5720AAB787002EABD6 /* CustomViewController.h */,
				49EB9D5820AAB787002EABD6 /* CustomViewController.m */,
			);
			path = testPod;
			sourceTree = "<group>";
		};
		49EB9D3D20AAAD44002EABD6 /* testPodTests */ = {
			isa = PBXGroup;
			children = (
				49EB9D3E20AAAD44002EABD6 /* testPodTests.m */,
				49EB9D4020AAAD44002EABD6 /* Info.plist */,
			);
			path = testPodTests;
			sourceTree = "<group>";
		};
		49EB9D4820AAAD44002EABD6 /* testPodUITests */ = {
			isa = PBXGroup;
			children = (
				49EB9D4920AAAD44002EABD6 /* testPodUITests.m */,
				49EB9D4B20AAAD44002EABD6 /* Info.plist */,
			);
			path = testPodUITests;
			sourceTree = "<group>";
		};
/* End PBXGroup section */

/* Begin PBXNativeTarget section */
		49EB9D2120AAAD42002EABD6 /* testPod */ = {
			isa = PBXNativeTarget;
			buildConfigurationList = 49EB9D4E20AAAD44002EABD6 /* Build configuration list for PBXNativeTarget "testPod" */;
			buildPhases = (
				49EB9D1E20AAAD42002EABD6 /* Sources */,
				49EB9D1F20AAAD42002EABD6 /* Frameworks */,
				49EB9D2020AAAD42002EABD6 /* Resources */,
			);
			buildRules = (
			);
			dependencies = (
			);
			name = testPod;
			productName = testPod;
			productReference = 49EB9D2220AAAD42002EABD6 /* testPod.app */;
			productType = "com.apple.product-type.application";
		};
		49EB9D3920AAAD44002EABD6 /* testPodTests */ = {
			isa = PBXNativeTarget;
			buildConfigurationList = 49EB9D5120AAAD44002EABD6 /* Build configuration list for PBXNativeTarget "testPodTests" */;
			buildPhases = (
				49EB9D3620AAAD44002EABD6 /* Sources */,
				49EB9D3720AAAD44002EABD6 /* Frameworks */,
				49EB9D3820AAAD44002EABD6 /* Resources */,
			);
			buildRules = (
			);
			dependencies = (
				49EB9D3C20AAAD44002EABD6 /* PBXTargetDependency */,
			);
			name = testPodTests;
			productName = testPodTests;
			productReference = 49EB9D3A20AAAD44002EABD6 /* testPodTests.xctest */;
			productType = "com.apple.product-type.bundle.unit-test";
		};
		49EB9D4420AAAD44002EABD6 /* testPodUITests */ = {
			isa = PBXNativeTarget;
			buildConfigurationList = 49EB9D5420AAAD44002EABD6 /* Build configuration list for PBXNativeTarget "testPodUITests" */;
			buildPhases = (
				49EB9D4120AAAD44002EABD6 /* Sources */,
				49EB9D4220AAAD44002EABD6 /* Frameworks */,
				49EB9D4320AAAD44002EABD6 /* Resources */,
			);
			buildRules = (
			);
			dependencies = (
				49EB9D4720AAAD44002EABD6 /* PBXTargetDependency */,
			);
			name = testPodUITests;
			productName = testPodUITests;
			productReference = 49EB9D4520AAAD44002EABD6 /* testPodUITests.xctest */;
			productType = "com.apple.product-type.bundle.ui-testing";
		};
/* End PBXNativeTarget section */

/* Begin PBXProject section */
		49EB9D1A20AAAD42002EABD6 /* Project object */ = {
			isa = PBXProject;
			attributes = {
				LastUpgradeCheck = 0930;
				ORGANIZATIONNAME = liuqing;
				TargetAttributes = {
					49EB9D2120AAAD42002EABD6 = {
						CreatedOnToolsVersion = 9.3;
					};
					49EB9D3920AAAD44002EABD6 = {
						CreatedOnToolsVersion = 9.3;
						TestTargetID = 49EB9D2120AAAD42002EABD6;
					};
					49EB9D4420AAAD44002EABD6 = {
						CreatedOnToolsVersion = 9.3;
						TestTargetID = 49EB9D2120AAAD42002EABD6;
					};
				};
			};
			buildConfigurationList = 49EB9D1D20AAAD42002EABD6 /* Build configuration list for PBXProject "testPod" */;
			compatibilityVersion = "Xcode 9.3";
			developmentRegion = en;
			hasScannedForEncodings = 0;
			knownRegions = (
				en,
				Base,
			);
			mainGroup = 49EB9D1920AAAD42002EABD6;
			productRefGroup = 49EB9D2320AAAD42002EABD6 /* Products */;
			projectDirPath = "";
			projectRoot = "";
			targets = (
				49EB9D2120AAAD42002EABD6 /* testPod */,
				49EB9D3920AAAD44002EABD6 /* testPodTests */,
				49EB9D4420AAAD44002EABD6 /* testPodUITests */,
			);
		};
/* End PBXProject section */

/* Begin PBXResourcesBuildPhase section */
		49EB9D2020AAAD42002EABD6 /* Resources */ = {
			isa = PBXResourcesBuildPhase;
			buildActionMask = 2147483647;
			files = (
				49EB9D3220AAAD44002EABD6 /* LaunchScreen.storyboard in Resources */,
				49EB9D2F20AAAD44002EABD6 /* Assets.xcassets in Resources */,
				49EB9D2D20AAAD43002EABD6 /* Main.storyboard in Resources */,
			);
			runOnlyForDeploymentPostprocessing = 0;
		};
		49EB9D3820AAAD44002EABD6 /* Resources */ = {
			isa = PBXResourcesBuildPhase;
			buildActionMask = 2147483647;
			files = (
			);
			runOnlyForDeploymentPostprocessing = 0;
		};
		49EB9D4320AAAD44002EABD6 /* Resources */ = {
			isa = PBXResourcesBuildPhase;
			buildActionMask = 2147483647;
			files = (
			);
			runOnlyForDeploymentPostprocessing = 0;
		};
/* End PBXResourcesBuildPhase section */

/* Begin PBXSourcesBuildPhase section */
		49EB9D1E20AAAD42002EABD6 /* Sources */ = {
			isa = PBXSourcesBuildPhase;
			buildActionMask = 2147483647;
			files = (
				49EB9D2A20AAAD43002EABD6 /* ViewController.m in Sources */,
				49EB9D3520AAAD44002EABD6 /* main.m in Sources */,
				49EB9D2720AAAD42002EABD6 /* AppDelegate.m in Sources */,
				49EB9D5920AAB787002EABD6 /* CustomViewController.m in Sources */,
			);
			runOnlyForDeploymentPostprocessing = 0;
		};
		49EB9D3620AAAD44002EABD6 /* Sources */ = {
			isa = PBXSourcesBuildPhase;
			buildActionMask = 2147483647;
			files = (
				49EB9D3F20AAAD44002EABD6 /* testPodTests.m in Sources */,
			);
			runOnlyForDeploymentPostprocessing = 0;
		};
		49EB9D4120AAAD44002EABD6 /* Sources */ = {
			isa = PBXSourcesBuildPhase;
			buildActionMask = 2147483647;
			files = (
				49EB9D4A20AAAD44002EABD6 /* testPodUITests.m in Sources */,
			);
			runOnlyForDeploymentPostprocessing = 0;
		};
/* End PBXSourcesBuildPhase section */

/* Begin PBXTargetDependency section */
		49EB9D3C20AAAD44002EABD6 /* PBXTargetDependency */ = {
			isa = PBXTargetDependency;
			target = 49EB9D2120AAAD42002EABD6 /* testPod */;
			targetProxy = 49EB9D3B20AAAD44002EABD6 /* PBXContainerItemProxy */;
		};
		49EB9D4720AAAD44002EABD6 /* PBXTargetDependency */ = {
			isa = PBXTargetDependency;
			target = 49EB9D2120AAAD42002EABD6 /* testPod */;
			targetProxy = 49EB9D4620AAAD44002EABD6 /* PBXContainerItemProxy */;
		};
/* End PBXTargetDependency section */

/* Begin PBXVariantGroup section */
		49EB9D2B20AAAD43002EABD6 /* Main.storyboard */ = {
			isa = PBXVariantGroup;
			children = (
				49EB9D2C20AAAD43002EABD6 /* Base */,
			);
			name = Main.storyboard;
			sourceTree = "<group>";
		};
		49EB9D3020AAAD44002EABD6 /* LaunchScreen.storyboard */ = {
			isa = PBXVariantGroup;
			children = (
				49EB9D3120AAAD44002EABD6 /* Base */,
			);
			name = LaunchScreen.storyboard;
			sourceTree = "<group>";
		};
/* End PBXVariantGroup section */

/* Begin XCBuildConfiguration section */
		49EB9D4C20AAAD44002EABD6 /* Debug */ = {
			isa = XCBuildConfiguration;
			buildSettings = {
				ALWAYS_SEARCH_USER_PATHS = NO;
				CLANG_ANALYZER_NONNULL = YES;
				CLANG_ANALYZER_NUMBER_OBJECT_CONVERSION = YES_AGGRESSIVE;
				CLANG_CXX_LANGUAGE_STANDARD = "gnu++14";
				CLANG_CXX_LIBRARY = "libc++";
				CLANG_ENABLE_MODULES = YES;
				CLANG_ENABLE_OBJC_ARC = YES;
				CLANG_ENABLE_OBJC_WEAK = YES;
				CLANG_WARN_BLOCK_CAPTURE_AUTORELEASING = YES;
				CLANG_WARN_BOOL_CONVERSION = YES;
				CLANG_WARN_COMMA = YES;
				CLANG_WARN_CONSTANT_CONVERSION = YES;
				CLANG_WARN_DEPRECATED_OBJC_IMPLEMENTATIONS = YES;
				CLANG_WARN_DIRECT_OBJC_ISA_USAGE = YES_ERROR;
				CLANG_WARN_DOCUMENTATION_COMMENTS = YES;
				CLANG_WARN_EMPTY_BODY = YES;
				CLANG_WARN_ENUM_CONVERSION = YES;
				CLANG_WARN_INFINITE_RECURSION = YES;
				CLANG_WARN_INT_CONVERSION = YES;
				CLANG_WARN_NON_LITERAL_NULL_CONVERSION = YES;
				CLANG_WARN_OBJC_IMPLICIT_RETAIN_SELF = YES;
				CLANG_WARN_OBJC_LITERAL_CONVERSION = YES;
				CLANG_WARN_OBJC_ROOT_CLASS = YES_ERROR;
				CLANG_WARN_RANGE_LOOP_ANALYSIS = YES;
				CLANG_WARN_STRICT_PROTOTYPES = YES;
				CLANG_WARN_SUSPICIOUS_MOVE = YES;
				CLANG_WARN_UNGUARDED_AVAILABILITY = YES_AGGRESSIVE;
				CLANG_WARN_UNREACHABLE_CODE = YES;
				CLANG_WARN__DUPLICATE_METHOD_MATCH = YES;
				CODE_SIGN_IDENTITY = "iPhone Developer";
				COPY_PHASE_STRIP = NO;
				DEBUG_INFORMATION_FORMAT = dwarf;
				ENABLE_STRICT_OBJC_MSGSEND = YES;
				ENABLE_TESTABILITY = YES;
				GCC_C_LANGUAGE_STANDARD = gnu11;
				GCC_DYNAMIC_NO_PIC = NO;
				GCC_NO_COMMON_BLOCKS = YES;
				GCC_OPTIMIZATION_LEVEL = 0;
				GCC_PREPROCESSOR_DEFINITIONS = (
					"DEBUG=1",
					"$(inherited)",
				);
				GCC_WARN_64_TO_32_BIT_CONVERSION = YES;
				GCC_WARN_ABOUT_RETURN_TYPE = YES_ERROR;
				GCC_WARN_UNDECLARED_SELECTOR = YES;
				GCC_WARN_UNINITIALIZED_AUTOS = YES_AGGRESSIVE;
				GCC_WARN_UNUSED_FUNCTION = YES;
				GCC_WARN_UNUSED_VARIABLE = YES;
				IPHONEOS_DEPLOYMENT_TARGET = 11.3;
				MTL_ENABLE_DEBUG_INFO = YES;
				ONLY_ACTIVE_ARCH = YES;
				SDKROOT = iphoneos;
			};
			name = Debug;
		};
		49EB9D4D20AAAD44002EABD6 /* Release */ = {
			isa = XCBuildConfiguration;
			buildSettings = {
				ALWAYS_SEARCH_USER_PATHS = NO;
				CLANG_ANALYZER_NONNULL = YES;
				CLANG_ANALYZER_NUMBER_OBJECT_CONVERSION = YES_AGGRESSIVE;
				CLANG_CXX_LANGUAGE_STANDARD = "gnu++14";
				CLANG_CXX_LIBRARY = "libc++";
				CLANG_ENABLE_MODULES = YES;
				CLANG_ENABLE_OBJC_ARC = YES;
				CLANG_ENABLE_OBJC_WEAK = YES;
				CLANG_WARN_BLOCK_CAPTURE_AUTORELEASING = YES;
				CLANG_WARN_BOOL_CONVERSION = YES;
				CLANG_WARN_COMMA = YES;
				CLANG_WARN_CONSTANT_CONVERSION = YES;
				CLANG_WARN_DEPRECATED_OBJC_IMPLEMENTATIONS = YES;
				CLANG_WARN_DIRECT_OBJC_ISA_USAGE = YES_ERROR;
				CLANG_WARN_DOCUMENTATION_COMMENTS = YES;
				CLANG_WARN_EMPTY_BODY = YES;
				CLANG_WARN_ENUM_CONVERSION = YES;
				CLANG_WARN_INFINITE_RECURSION = YES;
				CLANG_WARN_INT_CONVERSION = YES;
				CLANG_WARN_NON_LITERAL_NULL_CONVERSION = YES;
				CLANG_WARN_OBJC_IMPLICIT_RETAIN_SELF = YES;
				CLANG_WARN_OBJC_LITERAL_CONVERSION = YES;
				CLANG_WARN_OBJC_ROOT_CLASS = YES_ERROR;
				CLANG_WARN_RANGE_LOOP_ANALYSIS = YES;
				CLANG_WARN_STRICT_PROTOTYPES = YES;
				CLANG_WARN_SUSPICIOUS_MOVE = YES;
				CLANG_WARN_UNGUARDED_AVAILABILITY = YES_AGGRESSIVE;
				CLANG_WARN_UNREACHABLE_CODE = YES;
				CLANG_WARN__DUPLICATE_METHOD_MATCH = YES;
				CODE_SIGN_IDENTITY = "iPhone Developer";
				COPY_PHASE_STRIP = NO;
				DEBUG_INFORMATION_FORMAT = "dwarf-with-dsym";
				ENABLE_NS_ASSERTIONS = NO;
				ENABLE_STRICT_OBJC_MSGSEND = YES;
				GCC_C_LANGUAGE_STANDARD = gnu11;
				GCC_NO_COMMON_BLOCKS = YES;
				GCC_WARN_64_TO_32_BIT_CONVERSION = YES;
				GCC_WARN_ABOUT_RETURN_TYPE = YES_ERROR;
				GCC_WARN_UNDECLARED_SELECTOR = YES;
				GCC_WARN_UNINITIALIZED_AUTOS = YES_AGGRESSIVE;
				GCC_WARN_UNUSED_FUNCTION = YES;
				GCC_WARN_UNUSED_VARIABLE = YES;
				IPHONEOS_DEPLOYMENT_TARGET = 11.3;
				MTL_ENABLE_DEBUG_INFO = NO;
				SDKROOT = iphoneos;
				VALIDATE_PRODUCT = YES;
			};
			name = Release;
		};
		49EB9D4F20AAAD44002EABD6 /* Debug */ = {
			isa = XCBuildConfiguration;
			buildSettings = {
				ASSETCATALOG_COMPILER_APPICON_NAME = AppIcon;
				CODE_SIGN_STYLE = Automatic;
				INFOPLIST_FILE = testPod/Info.plist;
				LD_RUNPATH_SEARCH_PATHS = (
					"$(inherited)",
					"@executable_path/Frameworks",
				);
				PRODUCT_BUNDLE_IDENTIFIER = com.testPod;
				PRODUCT_NAME = "$(TARGET_NAME)";
				TARGETED_DEVICE_FAMILY = "1,2";
			};
			name = Debug;
		};
		49EB9D5020AAAD44002EABD6 /* Release */ = {
			isa = XCBuildConfiguration;
			buildSettings = {
				ASSETCATALOG_COMPILER_APPICON_NAME = AppIcon;
				CODE_SIGN_STYLE = Automatic;
				INFOPLIST_FILE = testPod/Info.plist;
				LD_RUNPATH_SEARCH_PATHS = (
					"$(inherited)",
					"@executable_path/Frameworks",
				);
				PRODUCT_BUNDLE_IDENTIFIER = com.testPod;
				PRODUCT_NAME = "$(TARGET_NAME)";
				TARGETED_DEVICE_FAMILY = "1,2";
			};
			name = Release;
		};
		49EB9D5220AAAD44002EABD6 /* Debug */ = {
			isa = XCBuildConfiguration;
			buildSettings = {
				BUNDLE_LOADER = "$(TEST_HOST)";
				CODE_SIGN_STYLE = Automatic;
				INFOPLIST_FILE = testPodTests/Info.plist;
				LD_RUNPATH_SEARCH_PATHS = (
					"$(inherited)",
					"@executable_path/Frameworks",
					"@loader_path/Frameworks",
				);
				PRODUCT_BUNDLE_IDENTIFIER = com.testPodTests;
				PRODUCT_NAME = "$(TARGET_NAME)";
				TARGETED_DEVICE_FAMILY = "1,2";
				TEST_HOST = "$(BUILT_PRODUCTS_DIR)/testPod.app/testPod";
			};
			name = Debug;
		};
		49EB9D5320AAAD44002EABD6 /* Release */ = {
			isa = XCBuildConfiguration;
			buildSettings = {
				BUNDLE_LOADER = "$(TEST_HOST)";
				CODE_SIGN_STYLE = Automatic;
				INFOPLIST_FILE = testPodTests/Info.plist;
				LD_RUNPATH_SEARCH_PATHS = (
					"$(inherited)",
					"@executable_path/Frameworks",
					"@loader_path/Frameworks",
				);
				PRODUCT_BUNDLE_IDENTIFIER = com.testPodTests;
				PRODUCT_NAME = "$(TARGET_NAME)";
				TARGETED_DEVICE_FAMILY = "1,2";
				TEST_HOST = "$(BUILT_PRODUCTS_DIR)/testPod.app/testPod";
			};
			name = Release;
		};
		49EB9D5520AAAD44002EABD6 /* Debug */ = {
			isa = XCBuildConfiguration;
			buildSettings = {
				CODE_SIGN_STYLE = Automatic;
				INFOPLIST_FILE = testPodUITests/Info.plist;
				LD_RUNPATH_SEARCH_PATHS = (
					"$(inherited)",
					"@executable_path/Frameworks",
					"@loader_path/Frameworks",
				);
				PRODUCT_BUNDLE_IDENTIFIER = com.testPodUITests;
				PRODUCT_NAME = "$(TARGET_NAME)";
				TARGETED_DEVICE_FAMILY = "1,2";
				TEST_TARGET_NAME = testPod;
			};
			name = Debug;
		};
		49EB9D5620AAAD44002EABD6 /* Release */ = {
			isa = XCBuildConfiguration;
			buildSettings = {
				CODE_SIGN_STYLE = Automatic;
				INFOPLIST_FILE = testPodUITests/Info.plist;
				LD_RUNPATH_SEARCH_PATHS = (
					"$(inherited)",
					"@executable_path/Frameworks",
					"@loader_path/Frameworks",
				);
				PRODUCT_BUNDLE_IDENTIFIER = com.testPodUITests;
				PRODUCT_NAME = "$(TARGET_NAME)";
				TARGETED_DEVICE_FAMILY = "1,2";
				TEST_TARGET_NAME = testPod;
			};
			name = Release;
		};
/* End XCBuildConfiguration section */

/* Begin XCConfigurationList section */
		49EB9D1D20AAAD42002EABD6 /* Build configuration list for PBXProject "testPod" */ = {
			isa = XCConfigurationList;
			buildConfigurations = (
				49EB9D4C20AAAD44002EABD6 /* Debug */,
				49EB9D4D20AAAD44002EABD6 /* Release */,
			);
			defaultConfigurationIsVisible = 0;
			defaultConfigurationName = Release;
		};
		49EB9D4E20AAAD44002EABD6 /* Build configuration list for PBXNativeTarget "testPod" */ = {
			isa = XCConfigurationList;
			buildConfigurations = (
				49EB9D4F20AAAD44002EABD6 /* Debug */,
				49EB9D5020AAAD44002EABD6 /* Release */,
			);
			defaultConfigurationIsVisible = 0;
			defaultConfigurationName = Release;
		};
		49EB9D5120AAAD44002EABD6 /* Build configuration list for PBXNativeTarget "testPodTests" */ = {
			isa = XCConfigurationList;
			buildConfigurations = (
				49EB9D5220AAAD44002EABD6 /* Debug */,
				49EB9D5320AAAD44002EABD6 /* Release */,
			);
			defaultConfigurationIsVisible = 0;
			defaultConfigurationName = Release;
		};
		49EB9D5420AAAD44002EABD6 /* Build configuration list for PBXNativeTarget "testPodUITests" */ = {
			isa = XCConfigurationList;
			buildConfigurations = (
				49EB9D5520AAAD44002EABD6 /* Debug */,
				49EB9D5620AAAD44002EABD6 /* Release */,
			);
			defaultConfigurationIsVisible = 0;
			defaultConfigurationName = Release;
		};
/* End XCConfigurationList section */
	};
	rootObject = 49EB9D1A20AAAD42002EABD6 /* Project object */;
}
